// !$*UTF8*$!
{
	archiveVersion = 1;
	classes = {
	};
	objectVersion = 56;
	objects = {

/* Begin PBXBuildFile section */
		1701C5452B08B5E400230762 /* PublishingCategoryCollectionViewCell.swift in Sources */ = {isa = PBXBuildFile; fileRef = 1701C5442B08B5E400230762 /* PublishingCategoryCollectionViewCell.swift */; };
		1701C5472B0B7F5100230762 /* CreateQuizFields.swift in Sources */ = {isa = PBXBuildFile; fileRef = 1701C5462B0B7F5100230762 /* CreateQuizFields.swift */; };
		1719F1C22B0CD31E0087A86E /* AlertManager.swift in Sources */ = {isa = PBXBuildFile; fileRef = 1719F1C12B0CD31E0087A86E /* AlertManager.swift */; };
		172ED89B2B02470B00CD02F4 /* Kingfisher in Frameworks */ = {isa = PBXBuildFile; productRef = 172ED89A2B02470B00CD02F4 /* Kingfisher */; };
		174B03512B0373DF00A7076C /* TopRatedViewCell.swift in Sources */ = {isa = PBXBuildFile; fileRef = 174B03502B0373DF00A7076C /* TopRatedViewCell.swift */; };
		174B03542B0381AF00A7076C /* LastUpdateTableViewCell.swift in Sources */ = {isa = PBXBuildFile; fileRef = 174B03532B0381AF00A7076C /* LastUpdateTableViewCell.swift */; };
		1767325D2B0529600000ED79 /* ImageChoicesVC.swift in Sources */ = {isa = PBXBuildFile; fileRef = 1767325C2B0529600000ED79 /* ImageChoicesVC.swift */; };
		1767325F2B0529780000ED79 /* VideoChoicesVC.swift in Sources */ = {isa = PBXBuildFile; fileRef = 1767325E2B0529780000ED79 /* VideoChoicesVC.swift */; };
		176732612B05298F0000ED79 /* ImageChoicesViewModel.swift in Sources */ = {isa = PBXBuildFile; fileRef = 176732602B05298F0000ED79 /* ImageChoicesViewModel.swift */; };
		176732632B0529DF0000ED79 /* VideoChoicesViewModel.swift in Sources */ = {isa = PBXBuildFile; fileRef = 176732622B0529DF0000ED79 /* VideoChoicesViewModel.swift */; };
		176D3D672B249E410010DD4B /* YouTubeiOSPlayerHelper in Frameworks */ = {isa = PBXBuildFile; productRef = 176D3D662B249E410010DD4B /* YouTubeiOSPlayerHelper */; };
		176D3D692B25B23B0010DD4B /* VideoChoicesTableViewCell.swift in Sources */ = {isa = PBXBuildFile; fileRef = 176D3D682B25B23B0010DD4B /* VideoChoicesTableViewCell.swift */; };
		176D3D6B2B2712410010DD4B /* GameVideoVC.swift in Sources */ = {isa = PBXBuildFile; fileRef = 176D3D6A2B2712410010DD4B /* GameVideoVC.swift */; };
		176D3D6D2B2759DA0010DD4B /* GameVideoViewModel.swift in Sources */ = {isa = PBXBuildFile; fileRef = 176D3D6C2B2759DA0010DD4B /* GameVideoViewModel.swift */; };
		179B779C2B122C7800FB317A /* dummyData.json in Resources */ = {isa = PBXBuildFile; fileRef = 179B779B2B122C7800FB317A /* dummyData.json */; };
		179B779E2B15127100FB317A /* GameStartTableViewCell.swift in Sources */ = {isa = PBXBuildFile; fileRef = 179B779D2B15127100FB317A /* GameStartTableViewCell.swift */; };
		179B77A02B152BB400FB317A /* GameStartTourVC.swift in Sources */ = {isa = PBXBuildFile; fileRef = 179B779F2B152BB400FB317A /* GameStartTourVC.swift */; };
		179B77A22B15323200FB317A /* ImagePickerTableViewCell.swift in Sources */ = {isa = PBXBuildFile; fileRef = 179B77A12B15323200FB317A /* ImagePickerTableViewCell.swift */; };
		179B77A42B1B166500FB317A /* GameStartTourViewModel.swift in Sources */ = {isa = PBXBuildFile; fileRef = 179B77A32B1B166500FB317A /* GameStartTourViewModel.swift */; };
		179B77A62B2080E200FB317A /* ProgressBar.swift in Sources */ = {isa = PBXBuildFile; fileRef = 179B77A52B2080E200FB317A /* ProgressBar.swift */; };
		17B12DDA2AF8075A00CB513A /* AppDelegate.swift in Sources */ = {isa = PBXBuildFile; fileRef = 17B12DD92AF8075A00CB513A /* AppDelegate.swift */; };
		17B12DDC2AF8075A00CB513A /* SceneDelegate.swift in Sources */ = {isa = PBXBuildFile; fileRef = 17B12DDB2AF8075A00CB513A /* SceneDelegate.swift */; };
		17B12DDE2AF8075A00CB513A /* HomeVC.swift in Sources */ = {isa = PBXBuildFile; fileRef = 17B12DDD2AF8075A00CB513A /* HomeVC.swift */; };
		17B12DE12AF8075A00CB513A /* Main.storyboard in Resources */ = {isa = PBXBuildFile; fileRef = 17B12DDF2AF8075A00CB513A /* Main.storyboard */; };
		17B12DE32AF8075C00CB513A /* Assets.xcassets in Resources */ = {isa = PBXBuildFile; fileRef = 17B12DE22AF8075C00CB513A /* Assets.xcassets */; };
		17B12DE62AF8075C00CB513A /* LaunchScreen.storyboard in Resources */ = {isa = PBXBuildFile; fileRef = 17B12DE42AF8075C00CB513A /* LaunchScreen.storyboard */; };
		17B12DEE2AFA98D900CB513A /* CreateQuizVC.swift in Sources */ = {isa = PBXBuildFile; fileRef = 17B12DED2AFA98D900CB513A /* CreateQuizVC.swift */; };
		17B12DF22AFAA9EF00CB513A /* CreatePublishingVC.swift in Sources */ = {isa = PBXBuildFile; fileRef = 17B12DF12AFAA9EF00CB513A /* CreatePublishingVC.swift */; };
		17B12DF62AFCD88600CB513A /* QuizListVC.swift in Sources */ = {isa = PBXBuildFile; fileRef = 17B12DF52AFCD88600CB513A /* QuizListVC.swift */; };
		17B12DF82AFCD8AE00CB513A /* GameVC.swift in Sources */ = {isa = PBXBuildFile; fileRef = 17B12DF72AFCD8AE00CB513A /* GameVC.swift */; };
		17B12DFA2AFCD8E000CB513A /* GameStartVC.swift in Sources */ = {isa = PBXBuildFile; fileRef = 17B12DF92AFCD8E000CB513A /* GameStartVC.swift */; };
		17B12E002AFCD99A00CB513A /* HomeViewModel.swift in Sources */ = {isa = PBXBuildFile; fileRef = 17B12DFF2AFCD99A00CB513A /* HomeViewModel.swift */; };
		17B12E022AFCD9C300CB513A /* QuizListViewModel.swift in Sources */ = {isa = PBXBuildFile; fileRef = 17B12E012AFCD9C300CB513A /* QuizListViewModel.swift */; };
		17B12E042AFCD9F800CB513A /* CreateQuizViewModel.swift in Sources */ = {isa = PBXBuildFile; fileRef = 17B12E032AFCD9F800CB513A /* CreateQuizViewModel.swift */; };
		17B12E082AFCDA2F00CB513A /* CreatePublishingViewModel.swift in Sources */ = {isa = PBXBuildFile; fileRef = 17B12E072AFCDA2F00CB513A /* CreatePublishingViewModel.swift */; };
		17B12E0A2AFCDA5800CB513A /* GameStartViewModel.swift in Sources */ = {isa = PBXBuildFile; fileRef = 17B12E092AFCDA5800CB513A /* GameStartViewModel.swift */; };
		17B12E0C2AFCDA8500CB513A /* GameViewModel.swift in Sources */ = {isa = PBXBuildFile; fileRef = 17B12E0B2AFCDA8500CB513A /* GameViewModel.swift */; };
		17B12E0E2AFCDBEA00CB513A /* WebService.swift in Sources */ = {isa = PBXBuildFile; fileRef = 17B12E0D2AFCDBEA00CB513A /* WebService.swift */; };
		17B12E112AFCDCAC00CB513A /* Alamofire in Frameworks */ = {isa = PBXBuildFile; productRef = 17B12E102AFCDCAC00CB513A /* Alamofire */; };
		17B12E132AFECEF800CB513A /* Quiz.swift in Sources */ = {isa = PBXBuildFile; fileRef = 17B12E122AFECEF800CB513A /* Quiz.swift */; };
		17B12E152B00292000CB513A /* Category.swift in Sources */ = {isa = PBXBuildFile; fileRef = 17B12E142B00292000CB513A /* Category.swift */; };
		17B12E1A2B00EF5800CB513A /* CategoryViewCell.swift in Sources */ = {isa = PBXBuildFile; fileRef = 17B12E192B00EF5800CB513A /* CategoryViewCell.swift */; };
		17B12E1C2B0245A700CB513A /* QuizListTableViewCell.swift in Sources */ = {isa = PBXBuildFile; fileRef = 17B12E1B2B0245A600CB513A /* QuizListTableViewCell.swift */; };
		17C644402B45572000D67969 /* EndPoint.swift in Sources */ = {isa = PBXBuildFile; fileRef = 17C6443F2B45572000D67969 /* EndPoint.swift */; };
		17C644422B484DDE00D67969 /* BaseViewController.swift in Sources */ = {isa = PBXBuildFile; fileRef = 17C644412B484DDE00D67969 /* BaseViewController.swift */; };
		17C644442B48506400D67969 /* LoaderUtility.swift in Sources */ = {isa = PBXBuildFile; fileRef = 17C644432B48506400D67969 /* LoaderUtility.swift */; };
		17C644462B48508500D67969 /* ProgressController.swift in Sources */ = {isa = PBXBuildFile; fileRef = 17C644452B48508500D67969 /* ProgressController.swift */; };
		17C644482B4851B100D67969 /* GameStartViewControllerBuilder.swift in Sources */ = {isa = PBXBuildFile; fileRef = 17C644472B4851B100D67969 /* GameStartViewControllerBuilder.swift */; };
		17DC48492B32FD7800AC20E8 /* Cosmos in Frameworks */ = {isa = PBXBuildFile; productRef = 17DC48482B32FD7800AC20E8 /* Cosmos */; };
/* End PBXBuildFile section */

/* Begin PBXFileReference section */
		1701C5442B08B5E400230762 /* PublishingCategoryCollectionViewCell.swift */ = {isa = PBXFileReference; lastKnownFileType = sourcecode.swift; path = PublishingCategoryCollectionViewCell.swift; sourceTree = "<group>"; };
		1701C5462B0B7F5100230762 /* CreateQuizFields.swift */ = {isa = PBXFileReference; lastKnownFileType = sourcecode.swift; path = CreateQuizFields.swift; sourceTree = "<group>"; };
		1719F1C12B0CD31E0087A86E /* AlertManager.swift */ = {isa = PBXFileReference; lastKnownFileType = sourcecode.swift; path = AlertManager.swift; sourceTree = "<group>"; };
		174B03502B0373DF00A7076C /* TopRatedViewCell.swift */ = {isa = PBXFileReference; lastKnownFileType = sourcecode.swift; path = TopRatedViewCell.swift; sourceTree = "<group>"; };
		174B03532B0381AF00A7076C /* LastUpdateTableViewCell.swift */ = {isa = PBXFileReference; lastKnownFileType = sourcecode.swift; path = LastUpdateTableViewCell.swift; sourceTree = "<group>"; };
		1767325C2B0529600000ED79 /* ImageChoicesVC.swift */ = {isa = PBXFileReference; lastKnownFileType = sourcecode.swift; path = ImageChoicesVC.swift; sourceTree = "<group>"; };
		1767325E2B0529780000ED79 /* VideoChoicesVC.swift */ = {isa = PBXFileReference; lastKnownFileType = sourcecode.swift; path = VideoChoicesVC.swift; sourceTree = "<group>"; };
		176732602B05298F0000ED79 /* ImageChoicesViewModel.swift */ = {isa = PBXFileReference; lastKnownFileType = sourcecode.swift; path = ImageChoicesViewModel.swift; sourceTree = "<group>"; };
		176732622B0529DF0000ED79 /* VideoChoicesViewModel.swift */ = {isa = PBXFileReference; lastKnownFileType = sourcecode.swift; path = VideoChoicesViewModel.swift; sourceTree = "<group>"; };
		176D3D682B25B23B0010DD4B /* VideoChoicesTableViewCell.swift */ = {isa = PBXFileReference; lastKnownFileType = sourcecode.swift; path = VideoChoicesTableViewCell.swift; sourceTree = "<group>"; };
		176D3D6A2B2712410010DD4B /* GameVideoVC.swift */ = {isa = PBXFileReference; lastKnownFileType = sourcecode.swift; path = GameVideoVC.swift; sourceTree = "<group>"; };
		176D3D6C2B2759DA0010DD4B /* GameVideoViewModel.swift */ = {isa = PBXFileReference; lastKnownFileType = sourcecode.swift; path = GameVideoViewModel.swift; sourceTree = "<group>"; };
		179B779B2B122C7800FB317A /* dummyData.json */ = {isa = PBXFileReference; lastKnownFileType = text.json; path = dummyData.json; sourceTree = "<group>"; };
		179B779D2B15127100FB317A /* GameStartTableViewCell.swift */ = {isa = PBXFileReference; lastKnownFileType = sourcecode.swift; path = GameStartTableViewCell.swift; sourceTree = "<group>"; };
		179B779F2B152BB400FB317A /* GameStartTourVC.swift */ = {isa = PBXFileReference; lastKnownFileType = sourcecode.swift; path = GameStartTourVC.swift; sourceTree = "<group>"; };
		179B77A12B15323200FB317A /* ImagePickerTableViewCell.swift */ = {isa = PBXFileReference; lastKnownFileType = sourcecode.swift; path = ImagePickerTableViewCell.swift; sourceTree = "<group>"; };
		179B77A32B1B166500FB317A /* GameStartTourViewModel.swift */ = {isa = PBXFileReference; lastKnownFileType = sourcecode.swift; path = GameStartTourViewModel.swift; sourceTree = "<group>"; };
		179B77A52B2080E200FB317A /* ProgressBar.swift */ = {isa = PBXFileReference; lastKnownFileType = sourcecode.swift; path = ProgressBar.swift; sourceTree = "<group>"; };
		17B12DD62AF8075A00CB513A /* quiz.app */ = {isa = PBXFileReference; explicitFileType = wrapper.application; includeInIndex = 0; path = quiz.app; sourceTree = BUILT_PRODUCTS_DIR; };
		17B12DD92AF8075A00CB513A /* AppDelegate.swift */ = {isa = PBXFileReference; lastKnownFileType = sourcecode.swift; path = AppDelegate.swift; sourceTree = "<group>"; };
		17B12DDB2AF8075A00CB513A /* SceneDelegate.swift */ = {isa = PBXFileReference; lastKnownFileType = sourcecode.swift; path = SceneDelegate.swift; sourceTree = "<group>"; };
		17B12DDD2AF8075A00CB513A /* HomeVC.swift */ = {isa = PBXFileReference; lastKnownFileType = sourcecode.swift; path = HomeVC.swift; sourceTree = "<group>"; };
		17B12DE02AF8075A00CB513A /* Base */ = {isa = PBXFileReference; lastKnownFileType = file.storyboard; name = Base; path = Base.lproj/Main.storyboard; sourceTree = "<group>"; };
		17B12DE22AF8075C00CB513A /* Assets.xcassets */ = {isa = PBXFileReference; lastKnownFileType = folder.assetcatalog; path = Assets.xcassets; sourceTree = "<group>"; };
		17B12DE52AF8075C00CB513A /* Base */ = {isa = PBXFileReference; lastKnownFileType = file.storyboard; name = Base; path = Base.lproj/LaunchScreen.storyboard; sourceTree = "<group>"; };
		17B12DE72AF8075C00CB513A /* Info.plist */ = {isa = PBXFileReference; lastKnownFileType = text.plist.xml; path = Info.plist; sourceTree = "<group>"; };
		17B12DED2AFA98D900CB513A /* CreateQuizVC.swift */ = {isa = PBXFileReference; lastKnownFileType = sourcecode.swift; path = CreateQuizVC.swift; sourceTree = "<group>"; };
		17B12DF12AFAA9EF00CB513A /* CreatePublishingVC.swift */ = {isa = PBXFileReference; lastKnownFileType = sourcecode.swift; path = CreatePublishingVC.swift; sourceTree = "<group>"; };
		17B12DF52AFCD88600CB513A /* QuizListVC.swift */ = {isa = PBXFileReference; lastKnownFileType = sourcecode.swift; path = QuizListVC.swift; sourceTree = "<group>"; };
		17B12DF72AFCD8AE00CB513A /* GameVC.swift */ = {isa = PBXFileReference; lastKnownFileType = sourcecode.swift; path = GameVC.swift; sourceTree = "<group>"; };
		17B12DF92AFCD8E000CB513A /* GameStartVC.swift */ = {isa = PBXFileReference; lastKnownFileType = sourcecode.swift; path = GameStartVC.swift; sourceTree = "<group>"; };
		17B12DFF2AFCD99A00CB513A /* HomeViewModel.swift */ = {isa = PBXFileReference; lastKnownFileType = sourcecode.swift; path = HomeViewModel.swift; sourceTree = "<group>"; };
		17B12E012AFCD9C300CB513A /* QuizListViewModel.swift */ = {isa = PBXFileReference; lastKnownFileType = sourcecode.swift; path = QuizListViewModel.swift; sourceTree = "<group>"; };
		17B12E032AFCD9F800CB513A /* CreateQuizViewModel.swift */ = {isa = PBXFileReference; lastKnownFileType = sourcecode.swift; path = CreateQuizViewModel.swift; sourceTree = "<group>"; };
		17B12E072AFCDA2F00CB513A /* CreatePublishingViewModel.swift */ = {isa = PBXFileReference; lastKnownFileType = sourcecode.swift; path = CreatePublishingViewModel.swift; sourceTree = "<group>"; };
		17B12E092AFCDA5800CB513A /* GameStartViewModel.swift */ = {isa = PBXFileReference; lastKnownFileType = sourcecode.swift; path = GameStartViewModel.swift; sourceTree = "<group>"; };
		17B12E0B2AFCDA8500CB513A /* GameViewModel.swift */ = {isa = PBXFileReference; lastKnownFileType = sourcecode.swift; path = GameViewModel.swift; sourceTree = "<group>"; };
		17B12E0D2AFCDBEA00CB513A /* WebService.swift */ = {isa = PBXFileReference; lastKnownFileType = sourcecode.swift; path = WebService.swift; sourceTree = "<group>"; };
		17B12E122AFECEF800CB513A /* Quiz.swift */ = {isa = PBXFileReference; lastKnownFileType = sourcecode.swift; path = Quiz.swift; sourceTree = "<group>"; };
		17B12E142B00292000CB513A /* Category.swift */ = {isa = PBXFileReference; lastKnownFileType = sourcecode.swift; path = Category.swift; sourceTree = "<group>"; };
		17B12E192B00EF5800CB513A /* CategoryViewCell.swift */ = {isa = PBXFileReference; lastKnownFileType = sourcecode.swift; path = CategoryViewCell.swift; sourceTree = "<group>"; };
		17B12E1B2B0245A600CB513A /* QuizListTableViewCell.swift */ = {isa = PBXFileReference; lastKnownFileType = sourcecode.swift; path = QuizListTableViewCell.swift; sourceTree = "<group>"; };
		17C6443F2B45572000D67969 /* EndPoint.swift */ = {isa = PBXFileReference; lastKnownFileType = sourcecode.swift; path = EndPoint.swift; sourceTree = "<group>"; };
		17C644412B484DDE00D67969 /* BaseViewController.swift */ = {isa = PBXFileReference; lastKnownFileType = sourcecode.swift; path = BaseViewController.swift; sourceTree = "<group>"; };
		17C644432B48506400D67969 /* LoaderUtility.swift */ = {isa = PBXFileReference; lastKnownFileType = sourcecode.swift; path = LoaderUtility.swift; sourceTree = "<group>"; };
		17C644452B48508500D67969 /* ProgressController.swift */ = {isa = PBXFileReference; lastKnownFileType = sourcecode.swift; path = ProgressController.swift; sourceTree = "<group>"; };
		17C644472B4851B100D67969 /* GameStartViewControllerBuilder.swift */ = {isa = PBXFileReference; lastKnownFileType = sourcecode.swift; path = GameStartViewControllerBuilder.swift; sourceTree = "<group>"; };
/* End PBXFileReference section */

/* Begin PBXFrameworksBuildPhase section */
		17B12DD32AF8075A00CB513A /* Frameworks */ = {
			isa = PBXFrameworksBuildPhase;
			buildActionMask = 2147483647;
			files = (
				17DC48492B32FD7800AC20E8 /* Cosmos in Frameworks */,
				172ED89B2B02470B00CD02F4 /* Kingfisher in Frameworks */,
				17B12E112AFCDCAC00CB513A /* Alamofire in Frameworks */,
				176D3D672B249E410010DD4B /* YouTubeiOSPlayerHelper in Frameworks */,
			);
			runOnlyForDeploymentPostprocessing = 0;
		};
/* End PBXFrameworksBuildPhase section */

/* Begin PBXGroup section */
		174B03522B03818400A7076C /* ViewCell */ = {
			isa = PBXGroup;
			children = (
				17B12E192B00EF5800CB513A /* CategoryViewCell.swift */,
				179B779D2B15127100FB317A /* GameStartTableViewCell.swift */,
				1701C5442B08B5E400230762 /* PublishingCategoryCollectionViewCell.swift */,
				174B03532B0381AF00A7076C /* LastUpdateTableViewCell.swift */,
				174B03502B0373DF00A7076C /* TopRatedViewCell.swift */,
				17B12E1B2B0245A600CB513A /* QuizListTableViewCell.swift */,
				179B77A12B15323200FB317A /* ImagePickerTableViewCell.swift */,
				176D3D682B25B23B0010DD4B /* VideoChoicesTableViewCell.swift */,
			);
			path = ViewCell;
			sourceTree = "<group>";
		};
		17B12DCD2AF8075A00CB513A = {
			isa = PBXGroup;
			children = (
				179B779B2B122C7800FB317A /* dummyData.json */,
				17B12DD82AF8075A00CB513A /* quiz */,
				17B12DD72AF8075A00CB513A /* Products */,
			);
			sourceTree = "<group>";
		};
		17B12DD72AF8075A00CB513A /* Products */ = {
			isa = PBXGroup;
			children = (
				17B12DD62AF8075A00CB513A /* quiz.app */,
			);
			name = Products;
			sourceTree = "<group>";
		};
		17B12DD82AF8075A00CB513A /* quiz */ = {
			isa = PBXGroup;
			children = (
				17B12DFD2AFCD93200CB513A /* Service */,
				174B03522B03818400A7076C /* ViewCell */,
				17B12DFE2AFCD94000CB513A /* Model */,
				17B12DFC2AFCD92700CB513A /* ViewModel */,
				17B12DFB2AFCD91B00CB513A /* View */,
				17B12DD92AF8075A00CB513A /* AppDelegate.swift */,
				17B12DDB2AF8075A00CB513A /* SceneDelegate.swift */,
				17B12DDF2AF8075A00CB513A /* Main.storyboard */,
				17B12DE22AF8075C00CB513A /* Assets.xcassets */,
				17B12DE42AF8075C00CB513A /* LaunchScreen.storyboard */,
				17B12DE72AF8075C00CB513A /* Info.plist */,
				1719F1C12B0CD31E0087A86E /* AlertManager.swift */,
				179B77A52B2080E200FB317A /* ProgressBar.swift */,
				17C6443F2B45572000D67969 /* EndPoint.swift */,
			);
			path = quiz;
			sourceTree = "<group>";
		};
		17B12DFB2AFCD91B00CB513A /* View */ = {
			isa = PBXGroup;
			children = (
				17B12DF12AFAA9EF00CB513A /* CreatePublishingVC.swift */,
				17B12DDD2AF8075A00CB513A /* HomeVC.swift */,
				17B12DF72AFCD8AE00CB513A /* GameVC.swift */,
				17B12DF92AFCD8E000CB513A /* GameStartVC.swift */,
				17B12DED2AFA98D900CB513A /* CreateQuizVC.swift */,
				17B12DF52AFCD88600CB513A /* QuizListVC.swift */,
				1767325E2B0529780000ED79 /* VideoChoicesVC.swift */,
				1767325C2B0529600000ED79 /* ImageChoicesVC.swift */,
				179B779F2B152BB400FB317A /* GameStartTourVC.swift */,
				176D3D6A2B2712410010DD4B /* GameVideoVC.swift */,
				17C644412B484DDE00D67969 /* BaseViewController.swift */,
				17C644432B48506400D67969 /* LoaderUtility.swift */,
				17C644452B48508500D67969 /* ProgressController.swift */,
				17C644472B4851B100D67969 /* GameStartViewControllerBuilder.swift */,
			);
			path = View;
			sourceTree = "<group>";
		};
		17B12DFC2AFCD92700CB513A /* ViewModel */ = {
			isa = PBXGroup;
			children = (
				17B12DFF2AFCD99A00CB513A /* HomeViewModel.swift */,
				179B77A32B1B166500FB317A /* GameStartTourViewModel.swift */,
				176732602B05298F0000ED79 /* ImageChoicesViewModel.swift */,
				1701C5462B0B7F5100230762 /* CreateQuizFields.swift */,
				17B12E032AFCD9F800CB513A /* CreateQuizViewModel.swift */,
				176732622B0529DF0000ED79 /* VideoChoicesViewModel.swift */,
				17B12E072AFCDA2F00CB513A /* CreatePublishingViewModel.swift */,
				17B12E012AFCD9C300CB513A /* QuizListViewModel.swift */,
				17B12E092AFCDA5800CB513A /* GameStartViewModel.swift */,
				17B12E0B2AFCDA8500CB513A /* GameViewModel.swift */,
				176D3D6C2B2759DA0010DD4B /* GameVideoViewModel.swift */,
			);
			path = ViewModel;
			sourceTree = "<group>";
		};
		17B12DFD2AFCD93200CB513A /* Service */ = {
			isa = PBXGroup;
			children = (
				17B12E0D2AFCDBEA00CB513A /* WebService.swift */,
			);
			path = Service;
			sourceTree = "<group>";
		};
		17B12DFE2AFCD94000CB513A /* Model */ = {
			isa = PBXGroup;
			children = (
				17B12E122AFECEF800CB513A /* Quiz.swift */,
				17B12E142B00292000CB513A /* Category.swift */,
			);
			path = Model;
			sourceTree = "<group>";
		};
/* End PBXGroup section */

/* Begin PBXNativeTarget section */
		17B12DD52AF8075A00CB513A /* quiz */ = {
			isa = PBXNativeTarget;
			buildConfigurationList = 17B12DEA2AF8075C00CB513A /* Build configuration list for PBXNativeTarget "quiz" */;
			buildPhases = (
				17B12DD22AF8075A00CB513A /* Sources */,
				17B12DD32AF8075A00CB513A /* Frameworks */,
				17B12DD42AF8075A00CB513A /* Resources */,
			);
			buildRules = (
			);
			dependencies = (
			);
			name = quiz;
			packageProductDependencies = (
				17B12E102AFCDCAC00CB513A /* Alamofire */,
				172ED89A2B02470B00CD02F4 /* Kingfisher */,
				176D3D662B249E410010DD4B /* YouTubeiOSPlayerHelper */,
				17DC48482B32FD7800AC20E8 /* Cosmos */,
			);
			productName = quiz;
			productReference = 17B12DD62AF8075A00CB513A /* quiz.app */;
			productType = "com.apple.product-type.application";
		};
/* End PBXNativeTarget section */

/* Begin PBXProject section */
		17B12DCE2AF8075A00CB513A /* Project object */ = {
			isa = PBXProject;
			attributes = {
				BuildIndependentTargetsInParallel = 1;
				LastSwiftUpdateCheck = 1420;
				LastUpgradeCheck = 1420;
				TargetAttributes = {
					17B12DD52AF8075A00CB513A = {
						CreatedOnToolsVersion = 14.2;
					};
				};
			};
			buildConfigurationList = 17B12DD12AF8075A00CB513A /* Build configuration list for PBXProject "quiz" */;
			compatibilityVersion = "Xcode 14.0";
			developmentRegion = en;
			hasScannedForEncodings = 0;
			knownRegions = (
				en,
				Base,
			);
			mainGroup = 17B12DCD2AF8075A00CB513A;
			packageReferences = (
				17B12E0F2AFCDCAC00CB513A /* XCRemoteSwiftPackageReference "Alamofire" */,
				17B12E162B00CC0100CB513A /* XCRemoteSwiftPackageReference "RxSwift" */,
				172ED8992B02470B00CD02F4 /* XCRemoteSwiftPackageReference "Kingfisher" */,
				176D3D652B249E410010DD4B /* XCRemoteSwiftPackageReference "youtube-ios-player-helper" */,
				17DC48472B32FD7800AC20E8 /* XCRemoteSwiftPackageReference "Cosmos" */,
			);
			productRefGroup = 17B12DD72AF8075A00CB513A /* Products */;
			projectDirPath = "";
			projectRoot = "";
			targets = (
				17B12DD52AF8075A00CB513A /* quiz */,
			);
		};
/* End PBXProject section */

/* Begin PBXResourcesBuildPhase section */
		17B12DD42AF8075A00CB513A /* Resources */ = {
			isa = PBXResourcesBuildPhase;
			buildActionMask = 2147483647;
			files = (
				179B779C2B122C7800FB317A /* dummyData.json in Resources */,
				17B12DE62AF8075C00CB513A /* LaunchScreen.storyboard in Resources */,
				17B12DE32AF8075C00CB513A /* Assets.xcassets in Resources */,
				17B12DE12AF8075A00CB513A /* Main.storyboard in Resources */,
			);
			runOnlyForDeploymentPostprocessing = 0;
		};
/* End PBXResourcesBuildPhase section */

/* Begin PBXSourcesBuildPhase section */
		17B12DD22AF8075A00CB513A /* Sources */ = {
			isa = PBXSourcesBuildPhase;
			buildActionMask = 2147483647;
			files = (
				1719F1C22B0CD31E0087A86E /* AlertManager.swift in Sources */,
				17C644442B48506400D67969 /* LoaderUtility.swift in Sources */,
				17B12E0E2AFCDBEA00CB513A /* WebService.swift in Sources */,
				179B77A42B1B166500FB317A /* GameStartTourViewModel.swift in Sources */,
				179B779E2B15127100FB317A /* GameStartTableViewCell.swift in Sources */,
				176D3D692B25B23B0010DD4B /* VideoChoicesTableViewCell.swift in Sources */,
				17B12DEE2AFA98D900CB513A /* CreateQuizVC.swift in Sources */,
				176D3D6B2B2712410010DD4B /* GameVideoVC.swift in Sources */,
				174B03542B0381AF00A7076C /* LastUpdateTableViewCell.swift in Sources */,
				176732632B0529DF0000ED79 /* VideoChoicesViewModel.swift in Sources */,
				17B12E002AFCD99A00CB513A /* HomeViewModel.swift in Sources */,
				17C644482B4851B100D67969 /* GameStartViewControllerBuilder.swift in Sources */,
				179B77A22B15323200FB317A /* ImagePickerTableViewCell.swift in Sources */,
				17B12DF62AFCD88600CB513A /* QuizListVC.swift in Sources */,
				1701C5472B0B7F5100230762 /* CreateQuizFields.swift in Sources */,
				1767325D2B0529600000ED79 /* ImageChoicesVC.swift in Sources */,
				17B12DDE2AF8075A00CB513A /* HomeVC.swift in Sources */,
				176732612B05298F0000ED79 /* ImageChoicesViewModel.swift in Sources */,
				17B12E042AFCD9F800CB513A /* CreateQuizViewModel.swift in Sources */,
				1767325F2B0529780000ED79 /* VideoChoicesVC.swift in Sources */,
				17B12E132AFECEF800CB513A /* Quiz.swift in Sources */,
				17C644462B48508500D67969 /* ProgressController.swift in Sources */,
				17B12DF22AFAA9EF00CB513A /* CreatePublishingVC.swift in Sources */,
				179B77A62B2080E200FB317A /* ProgressBar.swift in Sources */,
				17B12E0C2AFCDA8500CB513A /* GameViewModel.swift in Sources */,
				17B12E0A2AFCDA5800CB513A /* GameStartViewModel.swift in Sources */,
				17C644422B484DDE00D67969 /* BaseViewController.swift in Sources */,
				174B03512B0373DF00A7076C /* TopRatedViewCell.swift in Sources */,
				17C644402B45572000D67969 /* EndPoint.swift in Sources */,
				17B12E152B00292000CB513A /* Category.swift in Sources */,
				17B12E1C2B0245A700CB513A /* QuizListTableViewCell.swift in Sources */,
				17B12E1A2B00EF5800CB513A /* CategoryViewCell.swift in Sources */,
				17B12DDA2AF8075A00CB513A /* AppDelegate.swift in Sources */,
				17B12DFA2AFCD8E000CB513A /* GameStartVC.swift in Sources */,
				17B12DF82AFCD8AE00CB513A /* GameVC.swift in Sources */,
				176D3D6D2B2759DA0010DD4B /* GameVideoViewModel.swift in Sources */,
				17B12E082AFCDA2F00CB513A /* CreatePublishingViewModel.swift in Sources */,
				17B12DDC2AF8075A00CB513A /* SceneDelegate.swift in Sources */,
				179B77A02B152BB400FB317A /* GameStartTourVC.swift in Sources */,
				17B12E022AFCD9C300CB513A /* QuizListViewModel.swift in Sources */,
				1701C5452B08B5E400230762 /* PublishingCategoryCollectionViewCell.swift in Sources */,
			);
			runOnlyForDeploymentPostprocessing = 0;
		};
/* End PBXSourcesBuildPhase section */

/* Begin PBXVariantGroup section */
		17B12DDF2AF8075A00CB513A /* Main.storyboard */ = {
			isa = PBXVariantGroup;
			children = (
				17B12DE02AF8075A00CB513A /* Base */,
			);
			name = Main.storyboard;
			sourceTree = "<group>";
		};
		17B12DE42AF8075C00CB513A /* LaunchScreen.storyboard */ = {
			isa = PBXVariantGroup;
			children = (
				17B12DE52AF8075C00CB513A /* Base */,
			);
			name = LaunchScreen.storyboard;
			sourceTree = "<group>";
		};
/* End PBXVariantGroup section */

/* Begin XCBuildConfiguration section */
		17B12DE82AF8075C00CB513A /* Debug */ = {
			isa = XCBuildConfiguration;
			buildSettings = {
				ALWAYS_SEARCH_USER_PATHS = NO;
				CLANG_ANALYZER_NONNULL = YES;
				CLANG_ANALYZER_NUMBER_OBJECT_CONVERSION = YES_AGGRESSIVE;
				CLANG_CXX_LANGUAGE_STANDARD = "gnu++20";
				CLANG_ENABLE_MODULES = YES;
				CLANG_ENABLE_OBJC_ARC = YES;
				CLANG_ENABLE_OBJC_WEAK = YES;
				CLANG_WARN_BLOCK_CAPTURE_AUTORELEASING = YES;
				CLANG_WARN_BOOL_CONVERSION = YES;
				CLANG_WARN_COMMA = YES;
				CLANG_WARN_CONSTANT_CONVERSION = YES;
				CLANG_WARN_DEPRECATED_OBJC_IMPLEMENTATIONS = YES;
				CLANG_WARN_DIRECT_OBJC_ISA_USAGE = YES_ERROR;
				CLANG_WARN_DOCUMENTATION_COMMENTS = YES;
				CLANG_WARN_EMPTY_BODY = YES;
				CLANG_WARN_ENUM_CONVERSION = YES;
				CLANG_WARN_INFINITE_RECURSION = YES;
				CLANG_WARN_INT_CONVERSION = YES;
				CLANG_WARN_NON_LITERAL_NULL_CONVERSION = YES;
				CLANG_WARN_OBJC_IMPLICIT_RETAIN_SELF = YES;
				CLANG_WARN_OBJC_LITERAL_CONVERSION = YES;
				CLANG_WARN_OBJC_ROOT_CLASS = YES_ERROR;
				CLANG_WARN_QUOTED_INCLUDE_IN_FRAMEWORK_HEADER = YES;
				CLANG_WARN_RANGE_LOOP_ANALYSIS = YES;
				CLANG_WARN_STRICT_PROTOTYPES = YES;
				CLANG_WARN_SUSPICIOUS_MOVE = YES;
				CLANG_WARN_UNGUARDED_AVAILABILITY = YES_AGGRESSIVE;
				CLANG_WARN_UNREACHABLE_CODE = YES;
				CLANG_WARN__DUPLICATE_METHOD_MATCH = YES;
				COPY_PHASE_STRIP = NO;
				DEBUG_INFORMATION_FORMAT = dwarf;
				ENABLE_STRICT_OBJC_MSGSEND = YES;
				ENABLE_TESTABILITY = YES;
				GCC_C_LANGUAGE_STANDARD = gnu11;
				GCC_DYNAMIC_NO_PIC = NO;
				GCC_NO_COMMON_BLOCKS = YES;
				GCC_OPTIMIZATION_LEVEL = 0;
				GCC_PREPROCESSOR_DEFINITIONS = (
					"DEBUG=1",
					"$(inherited)",
				);
				GCC_WARN_64_TO_32_BIT_CONVERSION = YES;
				GCC_WARN_ABOUT_RETURN_TYPE = YES_ERROR;
				GCC_WARN_UNDECLARED_SELECTOR = YES;
				GCC_WARN_UNINITIALIZED_AUTOS = YES_AGGRESSIVE;
				GCC_WARN_UNUSED_FUNCTION = YES;
				GCC_WARN_UNUSED_VARIABLE = YES;
				IPHONEOS_DEPLOYMENT_TARGET = 16.2;
				MTL_ENABLE_DEBUG_INFO = INCLUDE_SOURCE;
				MTL_FAST_MATH = YES;
				ONLY_ACTIVE_ARCH = YES;
				SDKROOT = iphoneos;
				SWIFT_ACTIVE_COMPILATION_CONDITIONS = DEBUG;
				SWIFT_OPTIMIZATION_LEVEL = "-Onone";
			};
			name = Debug;
		};
		17B12DE92AF8075C00CB513A /* Release */ = {
			isa = XCBuildConfiguration;
			buildSettings = {
				ALWAYS_SEARCH_USER_PATHS = NO;
				CLANG_ANALYZER_NONNULL = YES;
				CLANG_ANALYZER_NUMBER_OBJECT_CONVERSION = YES_AGGRESSIVE;
				CLANG_CXX_LANGUAGE_STANDARD = "gnu++20";
				CLANG_ENABLE_MODULES = YES;
				CLANG_ENABLE_OBJC_ARC = YES;
				CLANG_ENABLE_OBJC_WEAK = YES;
				CLANG_WARN_BLOCK_CAPTURE_AUTORELEASING = YES;
				CLANG_WARN_BOOL_CONVERSION = YES;
				CLANG_WARN_COMMA = YES;
				CLANG_WARN_CONSTANT_CONVERSION = YES;
				CLANG_WARN_DEPRECATED_OBJC_IMPLEMENTATIONS = YES;
				CLANG_WARN_DIRECT_OBJC_ISA_USAGE = YES_ERROR;
				CLANG_WARN_DOCUMENTATION_COMMENTS = YES;
				CLANG_WARN_EMPTY_BODY = YES;
				CLANG_WARN_ENUM_CONVERSION = YES;
				CLANG_WARN_INFINITE_RECURSION = YES;
				CLANG_WARN_INT_CONVERSION = YES;
				CLANG_WARN_NON_LITERAL_NULL_CONVERSION = YES;
				CLANG_WARN_OBJC_IMPLICIT_RETAIN_SELF = YES;
				CLANG_WARN_OBJC_LITERAL_CONVERSION = YES;
				CLANG_WARN_OBJC_ROOT_CLASS = YES_ERROR;
				CLANG_WARN_QUOTED_INCLUDE_IN_FRAMEWORK_HEADER = YES;
				CLANG_WARN_RANGE_LOOP_ANALYSIS = YES;
				CLANG_WARN_STRICT_PROTOTYPES = YES;
				CLANG_WARN_SUSPICIOUS_MOVE = YES;
				CLANG_WARN_UNGUARDED_AVAILABILITY = YES_AGGRESSIVE;
				CLANG_WARN_UNREACHABLE_CODE = YES;
				CLANG_WARN__DUPLICATE_METHOD_MATCH = YES;
				COPY_PHASE_STRIP = NO;
				DEBUG_INFORMATION_FORMAT = "dwarf-with-dsym";
				ENABLE_NS_ASSERTIONS = NO;
				ENABLE_STRICT_OBJC_MSGSEND = YES;
				GCC_C_LANGUAGE_STANDARD = gnu11;
				GCC_NO_COMMON_BLOCKS = YES;
				GCC_WARN_64_TO_32_BIT_CONVERSION = YES;
				GCC_WARN_ABOUT_RETURN_TYPE = YES_ERROR;
				GCC_WARN_UNDECLARED_SELECTOR = YES;
				GCC_WARN_UNINITIALIZED_AUTOS = YES_AGGRESSIVE;
				GCC_WARN_UNUSED_FUNCTION = YES;
				GCC_WARN_UNUSED_VARIABLE = YES;
				IPHONEOS_DEPLOYMENT_TARGET = 16.2;
				MTL_ENABLE_DEBUG_INFO = NO;
				MTL_FAST_MATH = YES;
				SDKROOT = iphoneos;
				SWIFT_COMPILATION_MODE = wholemodule;
				SWIFT_OPTIMIZATION_LEVEL = "-O";
				VALIDATE_PRODUCT = YES;
			};
			name = Release;
		};
		17B12DEB2AF8075C00CB513A /* Debug */ = {
			isa = XCBuildConfiguration;
			buildSettings = {
				ASSETCATALOG_COMPILER_APPICON_NAME = AppIcon;
				ASSETCATALOG_COMPILER_GLOBAL_ACCENT_COLOR_NAME = AccentColor;
				CODE_SIGN_STYLE = Automatic;
				CURRENT_PROJECT_VERSION = 1;
				DEVELOPMENT_TEAM = DHW3U468H5;
				GENERATE_INFOPLIST_FILE = YES;
				INFOPLIST_FILE = quiz/Info.plist;
				INFOPLIST_KEY_UIApplicationSupportsIndirectInputEvents = YES;
				INFOPLIST_KEY_UILaunchStoryboardName = LaunchScreen;
				INFOPLIST_KEY_UIMainStoryboardFile = Main;
				INFOPLIST_KEY_UISupportedInterfaceOrientations_iPad = "UIInterfaceOrientationPortrait UIInterfaceOrientationPortraitUpsideDown UIInterfaceOrientationLandscapeLeft UIInterfaceOrientationLandscapeRight";
				INFOPLIST_KEY_UISupportedInterfaceOrientations_iPhone = "UIInterfaceOrientationPortrait UIInterfaceOrientationLandscapeLeft UIInterfaceOrientationLandscapeRight";
				IPHONEOS_DEPLOYMENT_TARGET = 16.0;
				LD_RUNPATH_SEARCH_PATHS = (
					"$(inherited)",
					"@executable_path/Frameworks",
				);
				MARKETING_VERSION = 1.0;
				PRODUCT_BUNDLE_IDENTIFIER = sariomer.quiz;
				PRODUCT_NAME = "$(TARGET_NAME)";
				SWIFT_EMIT_LOC_STRINGS = YES;
				SWIFT_VERSION = 5.0;
				TARGETED_DEVICE_FAMILY = "1,2";
			};
			name = Debug;
		};
		17B12DEC2AF8075C00CB513A /* Release */ = {
			isa = XCBuildConfiguration;
			buildSettings = {
				ASSETCATALOG_COMPILER_APPICON_NAME = AppIcon;
				ASSETCATALOG_COMPILER_GLOBAL_ACCENT_COLOR_NAME = AccentColor;
				CODE_SIGN_STYLE = Automatic;
				CURRENT_PROJECT_VERSION = 1;
				DEVELOPMENT_TEAM = DHW3U468H5;
				GENERATE_INFOPLIST_FILE = YES;
				INFOPLIST_FILE = quiz/Info.plist;
				INFOPLIST_KEY_UIApplicationSupportsIndirectInputEvents = YES;
				INFOPLIST_KEY_UILaunchStoryboardName = LaunchScreen;
				INFOPLIST_KEY_UIMainStoryboardFile = Main;
				INFOPLIST_KEY_UISupportedInterfaceOrientations_iPad = "UIInterfaceOrientationPortrait UIInterfaceOrientationPortraitUpsideDown UIInterfaceOrientationLandscapeLeft UIInterfaceOrientationLandscapeRight";
				INFOPLIST_KEY_UISupportedInterfaceOrientations_iPhone = "UIInterfaceOrientationPortrait UIInterfaceOrientationLandscapeLeft UIInterfaceOrientationLandscapeRight";
				IPHONEOS_DEPLOYMENT_TARGET = 16.0;
				LD_RUNPATH_SEARCH_PATHS = (
					"$(inherited)",
					"@executable_path/Frameworks",
				);
				MARKETING_VERSION = 1.0;
				PRODUCT_BUNDLE_IDENTIFIER = sariomer.quiz;
				PRODUCT_NAME = "$(TARGET_NAME)";
				SWIFT_EMIT_LOC_STRINGS = YES;
				SWIFT_VERSION = 5.0;
				TARGETED_DEVICE_FAMILY = "1,2";
			};
			name = Release;
		};
/* End XCBuildConfiguration section */

/* Begin XCConfigurationList section */
		17B12DD12AF8075A00CB513A /* Build configuration list for PBXProject "quiz" */ = {
			isa = XCConfigurationList;
			buildConfigurations = (
				17B12DE82AF8075C00CB513A /* Debug */,
				17B12DE92AF8075C00CB513A /* Release */,
			);
			defaultConfigurationIsVisible = 0;
			defaultConfigurationName = Release;
		};
		17B12DEA2AF8075C00CB513A /* Build configuration list for PBXNativeTarget "quiz" */ = {
			isa = XCConfigurationList;
			buildConfigurations = (
				17B12DEB2AF8075C00CB513A /* Debug */,
				17B12DEC2AF8075C00CB513A /* Release */,
			);
			defaultConfigurationIsVisible = 0;
			defaultConfigurationName = Release;
		};
/* End XCConfigurationList section */

/* Begin XCRemoteSwiftPackageReference section */
		172ED8992B02470B00CD02F4 /* XCRemoteSwiftPackageReference "Kingfisher" */ = {
			isa = XCRemoteSwiftPackageReference;
			repositoryURL = "https://github.com/onevcat/Kingfisher.git";
			requirement = {
				branch = master;
				kind = branch;
			};
		};
		176D3D652B249E410010DD4B /* XCRemoteSwiftPackageReference "youtube-ios-player-helper" */ = {
			isa = XCRemoteSwiftPackageReference;
			repositoryURL = "https://github.com/youtube/youtube-ios-player-helper.git";
			requirement = {
				kind = upToNextMajorVersion;
				minimumVersion = 1.0.0;
			};
		};
		17B12E0F2AFCDCAC00CB513A /* XCRemoteSwiftPackageReference "Alamofire" */ = {
			isa = XCRemoteSwiftPackageReference;
			repositoryURL = "https://github.com/Alamofire/Alamofire.git";
			requirement = {
				branch = master;
				kind = branch;
			};
		};
		17B12E162B00CC0100CB513A /* XCRemoteSwiftPackageReference "RxSwift" */ = {
			isa = XCRemoteSwiftPackageReference;
			repositoryURL = "https://github.com/ReactiveX/RxSwift.git";
			requirement = {
				branch = main;
				kind = branch;
			};
		};
		17DC48472B32FD7800AC20E8 /* XCRemoteSwiftPackageReference "Cosmos" */ = {
			isa = XCRemoteSwiftPackageReference;
			repositoryURL = "https://github.com/evgenyneu/Cosmos.git";
			requirement = {
				kind = upToNextMajorVersion;
				minimumVersion = 23.0.0;
			};
		};
/* End XCRemoteSwiftPackageReference section */

/* Begin XCSwiftPackageProductDependency section */
		172ED89A2B02470B00CD02F4 /* Kingfisher */ = {
			isa = XCSwiftPackageProductDependency;
			package = 172ED8992B02470B00CD02F4 /* XCRemoteSwiftPackageReference "Kingfisher" */;
			productName = Kingfisher;
		};
		176D3D662B249E410010DD4B /* YouTubeiOSPlayerHelper */ = {
			isa = XCSwiftPackageProductDependency;
			package = 176D3D652B249E410010DD4B /* XCRemoteSwiftPackageReference "youtube-ios-player-helper" */;
			productName = YouTubeiOSPlayerHelper;
		};
		17B12E102AFCDCAC00CB513A /* Alamofire */ = {
			isa = XCSwiftPackageProductDependency;
			package = 17B12E0F2AFCDCAC00CB513A /* XCRemoteSwiftPackageReference "Alamofire" */;
			productName = Alamofire;
		};
		17DC48482B32FD7800AC20E8 /* Cosmos */ = {
			isa = XCSwiftPackageProductDependency;
			package = 17DC48472B32FD7800AC20E8 /* XCRemoteSwiftPackageReference "Cosmos" */;
			productName = Cosmos;
		};
/* End XCSwiftPackageProductDependency section */
	};
	rootObject = 17B12DCE2AF8075A00CB513A /* Project object */;
}
