// !$*UTF8*$!
{
	archiveVersion = 1;
	classes = {
	};
	objectVersion = 56;
	objects = {

/* Begin PBXBuildFile section */
		17B12DDA2AF8075A00CB513A /* AppDelegate.swift in Sources */ = {isa = PBXBuildFile; fileRef = 17B12DD92AF8075A00CB513A /* AppDelegate.swift */; };
		17B12DDC2AF8075A00CB513A /* SceneDelegate.swift in Sources */ = {isa = PBXBuildFile; fileRef = 17B12DDB2AF8075A00CB513A /* SceneDelegate.swift */; };
		17B12DDE2AF8075A00CB513A /* HomeVC.swift in Sources */ = {isa = PBXBuildFile; fileRef = 17B12DDD2AF8075A00CB513A /* HomeVC.swift */; };
		17B12DE12AF8075A00CB513A /* Main.storyboard in Resources */ = {isa = PBXBuildFile; fileRef = 17B12DDF2AF8075A00CB513A /* Main.storyboard */; };
		17B12DE32AF8075C00CB513A /* Assets.xcassets in Resources */ = {isa = PBXBuildFile; fileRef = 17B12DE22AF8075C00CB513A /* Assets.xcassets */; };
		17B12DE62AF8075C00CB513A /* LaunchScreen.storyboard in Resources */ = {isa = PBXBuildFile; fileRef = 17B12DE42AF8075C00CB513A /* LaunchScreen.storyboard */; };
		17B12DEE2AFA98D900CB513A /* CreateQuizVC.swift in Sources */ = {isa = PBXBuildFile; fileRef = 17B12DED2AFA98D900CB513A /* CreateQuizVC.swift */; };
		17B12DF02AFAA98200CB513A /* CreateChoicesVC.swift in Sources */ = {isa = PBXBuildFile; fileRef = 17B12DEF2AFAA98200CB513A /* CreateChoicesVC.swift */; };
		17B12DF22AFAA9EF00CB513A /* CreatePublishingVC.swift in Sources */ = {isa = PBXBuildFile; fileRef = 17B12DF12AFAA9EF00CB513A /* CreatePublishingVC.swift */; };
		17B12DF42AFB7BC100CB513A /* StartVC.swift in Sources */ = {isa = PBXBuildFile; fileRef = 17B12DF32AFB7BC100CB513A /* StartVC.swift */; };
		17B12DF62AFCD88600CB513A /* QuizListVC.swift in Sources */ = {isa = PBXBuildFile; fileRef = 17B12DF52AFCD88600CB513A /* QuizListVC.swift */; };
		17B12DF82AFCD8AE00CB513A /* GameVC.swift in Sources */ = {isa = PBXBuildFile; fileRef = 17B12DF72AFCD8AE00CB513A /* GameVC.swift */; };
		17B12DFA2AFCD8E000CB513A /* GameStartVC.swift in Sources */ = {isa = PBXBuildFile; fileRef = 17B12DF92AFCD8E000CB513A /* GameStartVC.swift */; };
		17B12E002AFCD99A00CB513A /* HomeViewModel.swift in Sources */ = {isa = PBXBuildFile; fileRef = 17B12DFF2AFCD99A00CB513A /* HomeViewModel.swift */; };
		17B12E022AFCD9C300CB513A /* QuizListViewModel.swift in Sources */ = {isa = PBXBuildFile; fileRef = 17B12E012AFCD9C300CB513A /* QuizListViewModel.swift */; };
		17B12E042AFCD9F800CB513A /* CreateQuizViewModel.swift in Sources */ = {isa = PBXBuildFile; fileRef = 17B12E032AFCD9F800CB513A /* CreateQuizViewModel.swift */; };
		17B12E062AFCDA1100CB513A /* CreateChoicesViewModel.swift in Sources */ = {isa = PBXBuildFile; fileRef = 17B12E052AFCDA1100CB513A /* CreateChoicesViewModel.swift */; };
		17B12E082AFCDA2F00CB513A /* CreatePublishingViewModel.swift in Sources */ = {isa = PBXBuildFile; fileRef = 17B12E072AFCDA2F00CB513A /* CreatePublishingViewModel.swift */; };
		17B12E0A2AFCDA5800CB513A /* GameStartViewModel.swift in Sources */ = {isa = PBXBuildFile; fileRef = 17B12E092AFCDA5800CB513A /* GameStartViewModel.swift */; };
		17B12E0C2AFCDA8500CB513A /* GameViewModel.swift in Sources */ = {isa = PBXBuildFile; fileRef = 17B12E0B2AFCDA8500CB513A /* GameViewModel.swift */; };
		17B12E0E2AFCDBEA00CB513A /* WebService.swift in Sources */ = {isa = PBXBuildFile; fileRef = 17B12E0D2AFCDBEA00CB513A /* WebService.swift */; };
		17B12E112AFCDCAC00CB513A /* Alamofire in Frameworks */ = {isa = PBXBuildFile; productRef = 17B12E102AFCDCAC00CB513A /* Alamofire */; };
		17B12E132AFECEF800CB513A /* test.swift in Sources */ = {isa = PBXBuildFile; fileRef = 17B12E122AFECEF800CB513A /* test.swift */; };
		17B12E152B00292000CB513A /* Category.swift in Sources */ = {isa = PBXBuildFile; fileRef = 17B12E142B00292000CB513A /* Category.swift */; };
		17B12E182B00CC0100CB513A /* RxSwift in Frameworks */ = {isa = PBXBuildFile; productRef = 17B12E172B00CC0100CB513A /* RxSwift */; };
		17B12E1A2B00EF5800CB513A /* CategoryViewCell.swift in Sources */ = {isa = PBXBuildFile; fileRef = 17B12E192B00EF5800CB513A /* CategoryViewCell.swift */; };
/* End PBXBuildFile section */

/* Begin PBXFileReference section */
		17B12DD62AF8075A00CB513A /* quiz.app */ = {isa = PBXFileReference; explicitFileType = wrapper.application; includeInIndex = 0; path = quiz.app; sourceTree = BUILT_PRODUCTS_DIR; };
		17B12DD92AF8075A00CB513A /* AppDelegate.swift */ = {isa = PBXFileReference; lastKnownFileType = sourcecode.swift; path = AppDelegate.swift; sourceTree = "<group>"; };
		17B12DDB2AF8075A00CB513A /* SceneDelegate.swift */ = {isa = PBXFileReference; lastKnownFileType = sourcecode.swift; path = SceneDelegate.swift; sourceTree = "<group>"; };
		17B12DDD2AF8075A00CB513A /* HomeVC.swift */ = {isa = PBXFileReference; lastKnownFileType = sourcecode.swift; path = HomeVC.swift; sourceTree = "<group>"; };
		17B12DE02AF8075A00CB513A /* Base */ = {isa = PBXFileReference; lastKnownFileType = file.storyboard; name = Base; path = Base.lproj/Main.storyboard; sourceTree = "<group>"; };
		17B12DE22AF8075C00CB513A /* Assets.xcassets */ = {isa = PBXFileReference; lastKnownFileType = folder.assetcatalog; path = Assets.xcassets; sourceTree = "<group>"; };
		17B12DE52AF8075C00CB513A /* Base */ = {isa = PBXFileReference; lastKnownFileType = file.storyboard; name = Base; path = Base.lproj/LaunchScreen.storyboard; sourceTree = "<group>"; };
		17B12DE72AF8075C00CB513A /* Info.plist */ = {isa = PBXFileReference; lastKnownFileType = text.plist.xml; path = Info.plist; sourceTree = "<group>"; };
		17B12DED2AFA98D900CB513A /* CreateQuizVC.swift */ = {isa = PBXFileReference; lastKnownFileType = sourcecode.swift; path = CreateQuizVC.swift; sourceTree = "<group>"; };
		17B12DEF2AFAA98200CB513A /* CreateChoicesVC.swift */ = {isa = PBXFileReference; lastKnownFileType = sourcecode.swift; path = CreateChoicesVC.swift; sourceTree = "<group>"; };
		17B12DF12AFAA9EF00CB513A /* CreatePublishingVC.swift */ = {isa = PBXFileReference; lastKnownFileType = sourcecode.swift; path = CreatePublishingVC.swift; sourceTree = "<group>"; };
		17B12DF32AFB7BC100CB513A /* StartVC.swift */ = {isa = PBXFileReference; lastKnownFileType = sourcecode.swift; path = StartVC.swift; sourceTree = "<group>"; };
		17B12DF52AFCD88600CB513A /* QuizListVC.swift */ = {isa = PBXFileReference; lastKnownFileType = sourcecode.swift; path = QuizListVC.swift; sourceTree = "<group>"; };
		17B12DF72AFCD8AE00CB513A /* GameVC.swift */ = {isa = PBXFileReference; lastKnownFileType = sourcecode.swift; path = GameVC.swift; sourceTree = "<group>"; };
		17B12DF92AFCD8E000CB513A /* GameStartVC.swift */ = {isa = PBXFileReference; lastKnownFileType = sourcecode.swift; path = GameStartVC.swift; sourceTree = "<group>"; };
		17B12DFF2AFCD99A00CB513A /* HomeViewModel.swift */ = {isa = PBXFileReference; lastKnownFileType = sourcecode.swift; path = HomeViewModel.swift; sourceTree = "<group>"; };
		17B12E012AFCD9C300CB513A /* QuizListViewModel.swift */ = {isa = PBXFileReference; lastKnownFileType = sourcecode.swift; path = QuizListViewModel.swift; sourceTree = "<group>"; };
		17B12E032AFCD9F800CB513A /* CreateQuizViewModel.swift */ = {isa = PBXFileReference; lastKnownFileType = sourcecode.swift; path = CreateQuizViewModel.swift; sourceTree = "<group>"; };
		17B12E052AFCDA1100CB513A /* CreateChoicesViewModel.swift */ = {isa = PBXFileReference; lastKnownFileType = sourcecode.swift; path = CreateChoicesViewModel.swift; sourceTree = "<group>"; };
		17B12E072AFCDA2F00CB513A /* CreatePublishingViewModel.swift */ = {isa = PBXFileReference; lastKnownFileType = sourcecode.swift; path = CreatePublishingViewModel.swift; sourceTree = "<group>"; };
		17B12E092AFCDA5800CB513A /* GameStartViewModel.swift */ = {isa = PBXFileReference; lastKnownFileType = sourcecode.swift; path = GameStartViewModel.swift; sourceTree = "<group>"; };
		17B12E0B2AFCDA8500CB513A /* GameViewModel.swift */ = {isa = PBXFileReference; lastKnownFileType = sourcecode.swift; path = GameViewModel.swift; sourceTree = "<group>"; };
		17B12E0D2AFCDBEA00CB513A /* WebService.swift */ = {isa = PBXFileReference; lastKnownFileType = sourcecode.swift; path = WebService.swift; sourceTree = "<group>"; };
		17B12E122AFECEF800CB513A /* test.swift */ = {isa = PBXFileReference; lastKnownFileType = sourcecode.swift; path = test.swift; sourceTree = "<group>"; };
		17B12E142B00292000CB513A /* Category.swift */ = {isa = PBXFileReference; lastKnownFileType = sourcecode.swift; path = Category.swift; sourceTree = "<group>"; };
		17B12E192B00EF5800CB513A /* CategoryViewCell.swift */ = {isa = PBXFileReference; lastKnownFileType = sourcecode.swift; path = CategoryViewCell.swift; sourceTree = "<group>"; };
/* End PBXFileReference section */

/* Begin PBXFrameworksBuildPhase section */
		17B12DD32AF8075A00CB513A /* Frameworks */ = {
			isa = PBXFrameworksBuildPhase;
			buildActionMask = 2147483647;
			files = (
				17B12E182B00CC0100CB513A /* RxSwift in Frameworks */,
				17B12E112AFCDCAC00CB513A /* Alamofire in Frameworks */,
			);
			runOnlyForDeploymentPostprocessing = 0;
		};
/* End PBXFrameworksBuildPhase section */

/* Begin PBXGroup section */
		17B12DCD2AF8075A00CB513A = {
			isa = PBXGroup;
			children = (
				17B12DD82AF8075A00CB513A /* quiz */,
				17B12DD72AF8075A00CB513A /* Products */,
			);
			sourceTree = "<group>";
		};
		17B12DD72AF8075A00CB513A /* Products */ = {
			isa = PBXGroup;
			children = (
				17B12DD62AF8075A00CB513A /* quiz.app */,
			);
			name = Products;
			sourceTree = "<group>";
		};
		17B12DD82AF8075A00CB513A /* quiz */ = {
			isa = PBXGroup;
			children = (
				17B12DFE2AFCD94000CB513A /* Model */,
				17B12DFD2AFCD93200CB513A /* Service */,
				17B12DFC2AFCD92700CB513A /* ViewModel */,
				17B12DFB2AFCD91B00CB513A /* View */,
				17B12DD92AF8075A00CB513A /* AppDelegate.swift */,
				17B12E192B00EF5800CB513A /* CategoryViewCell.swift */,
				17B12DDB2AF8075A00CB513A /* SceneDelegate.swift */,
				17B12DDF2AF8075A00CB513A /* Main.storyboard */,
				17B12DE22AF8075C00CB513A /* Assets.xcassets */,
				17B12DE42AF8075C00CB513A /* LaunchScreen.storyboard */,
				17B12DE72AF8075C00CB513A /* Info.plist */,
			);
			path = quiz;
			sourceTree = "<group>";
		};
		17B12DFB2AFCD91B00CB513A /* View */ = {
			isa = PBXGroup;
			children = (
				17B12DEF2AFAA98200CB513A /* CreateChoicesVC.swift */,
				17B12DF12AFAA9EF00CB513A /* CreatePublishingVC.swift */,
				17B12DDD2AF8075A00CB513A /* HomeVC.swift */,
				17B12DF72AFCD8AE00CB513A /* GameVC.swift */,
				17B12DF92AFCD8E000CB513A /* GameStartVC.swift */,
				17B12DED2AFA98D900CB513A /* CreateQuizVC.swift */,
				17B12DF52AFCD88600CB513A /* QuizListVC.swift */,
				17B12DF32AFB7BC100CB513A /* StartVC.swift */,
			);
			path = View;
			sourceTree = "<group>";
		};
		17B12DFC2AFCD92700CB513A /* ViewModel */ = {
			isa = PBXGroup;
			children = (
				17B12DFF2AFCD99A00CB513A /* HomeViewModel.swift */,
				17B12E032AFCD9F800CB513A /* CreateQuizViewModel.swift */,
				17B12E072AFCDA2F00CB513A /* CreatePublishingViewModel.swift */,
				17B12E052AFCDA1100CB513A /* CreateChoicesViewModel.swift */,
				17B12E012AFCD9C300CB513A /* QuizListViewModel.swift */,
				17B12E092AFCDA5800CB513A /* GameStartViewModel.swift */,
				17B12E0B2AFCDA8500CB513A /* GameViewModel.swift */,
			);
			path = ViewModel;
			sourceTree = "<group>";
		};
		17B12DFD2AFCD93200CB513A /* Service */ = {
			isa = PBXGroup;
			children = (
				17B12E0D2AFCDBEA00CB513A /* WebService.swift */,
			);
			path = Service;
			sourceTree = "<group>";
		};
		17B12DFE2AFCD94000CB513A /* Model */ = {
			isa = PBXGroup;
			children = (
				17B12E122AFECEF800CB513A /* test.swift */,
				17B12E142B00292000CB513A /* Category.swift */,
			);
			path = Model;
			sourceTree = "<group>";
		};
/* End PBXGroup section */

/* Begin PBXNativeTarget section */
		17B12DD52AF8075A00CB513A /* quiz */ = {
			isa = PBXNativeTarget;
			buildConfigurationList = 17B12DEA2AF8075C00CB513A /* Build configuration list for PBXNativeTarget "quiz" */;
			buildPhases = (
				17B12DD22AF8075A00CB513A /* Sources */,
				17B12DD32AF8075A00CB513A /* Frameworks */,
				17B12DD42AF8075A00CB513A /* Resources */,
			);
			buildRules = (
			);
			dependencies = (
			);
			name = quiz;
			packageProductDependencies = (
				17B12E102AFCDCAC00CB513A /* Alamofire */,
				17B12E172B00CC0100CB513A /* RxSwift */,
			);
			productName = quiz;
			productReference = 17B12DD62AF8075A00CB513A /* quiz.app */;
			productType = "com.apple.product-type.application";
		};
/* End PBXNativeTarget section */

/* Begin PBXProject section */
		17B12DCE2AF8075A00CB513A /* Project object */ = {
			isa = PBXProject;
			attributes = {
				BuildIndependentTargetsInParallel = 1;
				LastSwiftUpdateCheck = 1420;
				LastUpgradeCheck = 1420;
				TargetAttributes = {
					17B12DD52AF8075A00CB513A = {
						CreatedOnToolsVersion = 14.2;
					};
				};
			};
			buildConfigurationList = 17B12DD12AF8075A00CB513A /* Build configuration list for PBXProject "quiz" */;
			compatibilityVersion = "Xcode 14.0";
			developmentRegion = en;
			hasScannedForEncodings = 0;
			knownRegions = (
				en,
				Base,
			);
			mainGroup = 17B12DCD2AF8075A00CB513A;
			packageReferences = (
				17B12E0F2AFCDCAC00CB513A /* XCRemoteSwiftPackageReference "Alamofire" */,
				17B12E162B00CC0100CB513A /* XCRemoteSwiftPackageReference "RxSwift" */,
			);
			productRefGroup = 17B12DD72AF8075A00CB513A /* Products */;
			projectDirPath = "";
			projectRoot = "";
			targets = (
				17B12DD52AF8075A00CB513A /* quiz */,
			);
		};
/* End PBXProject section */

/* Begin PBXResourcesBuildPhase section */
		17B12DD42AF8075A00CB513A /* Resources */ = {
			isa = PBXResourcesBuildPhase;
			buildActionMask = 2147483647;
			files = (
				17B12DE62AF8075C00CB513A /* LaunchScreen.storyboard in Resources */,
				17B12DE32AF8075C00CB513A /* Assets.xcassets in Resources */,
				17B12DE12AF8075A00CB513A /* Main.storyboard in Resources */,
			);
			runOnlyForDeploymentPostprocessing = 0;
		};
/* End PBXResourcesBuildPhase section */

/* Begin PBXSourcesBuildPhase section */
		17B12DD22AF8075A00CB513A /* Sources */ = {
			isa = PBXSourcesBuildPhase;
			buildActionMask = 2147483647;
			files = (
				17B12E0E2AFCDBEA00CB513A /* WebService.swift in Sources */,
				17B12DEE2AFA98D900CB513A /* CreateQuizVC.swift in Sources */,
				17B12E002AFCD99A00CB513A /* HomeViewModel.swift in Sources */,
				17B12DF62AFCD88600CB513A /* QuizListVC.swift in Sources */,
				17B12DDE2AF8075A00CB513A /* HomeVC.swift in Sources */,
				17B12DF02AFAA98200CB513A /* CreateChoicesVC.swift in Sources */,
				17B12E042AFCD9F800CB513A /* CreateQuizViewModel.swift in Sources */,
				17B12E132AFECEF800CB513A /* test.swift in Sources */,
				17B12DF22AFAA9EF00CB513A /* CreatePublishingVC.swift in Sources */,
				17B12E0C2AFCDA8500CB513A /* GameViewModel.swift in Sources */,
				17B12E0A2AFCDA5800CB513A /* GameStartViewModel.swift in Sources */,
				17B12E152B00292000CB513A /* Category.swift in Sources */,
				17B12DF42AFB7BC100CB513A /* StartVC.swift in Sources */,
				17B12E1A2B00EF5800CB513A /* CategoryViewCell.swift in Sources */,
				17B12DDA2AF8075A00CB513A /* AppDelegate.swift in Sources */,
				17B12DFA2AFCD8E000CB513A /* GameStartVC.swift in Sources */,
				17B12DF82AFCD8AE00CB513A /* GameVC.swift in Sources */,
				17B12E082AFCDA2F00CB513A /* CreatePublishingViewModel.swift in Sources */,
				17B12DDC2AF8075A00CB513A /* SceneDelegate.swift in Sources */,
				17B12E022AFCD9C300CB513A /* QuizListViewModel.swift in Sources */,
				17B12E062AFCDA1100CB513A /* CreateChoicesViewModel.swift in Sources */,
			);
			runOnlyForDeploymentPostprocessing = 0;
		};
/* End PBXSourcesBuildPhase section */

/* Begin PBXVariantGroup section */
		17B12DDF2AF8075A00CB513A /* Main.storyboard */ = {
			isa = PBXVariantGroup;
			children = (
				17B12DE02AF8075A00CB513A /* Base */,
			);
			name = Main.storyboard;
			sourceTree = "<group>";
		};
		17B12DE42AF8075C00CB513A /* LaunchScreen.storyboard */ = {
			isa = PBXVariantGroup;
			children = (
				17B12DE52AF8075C00CB513A /* Base */,
			);
			name = LaunchScreen.storyboard;
			sourceTree = "<group>";
		};
/* End PBXVariantGroup section */

/* Begin XCBuildConfiguration section */
		17B12DE82AF8075C00CB513A /* Debug */ = {
			isa = XCBuildConfiguration;
			buildSettings = {
				ALWAYS_SEARCH_USER_PATHS = NO;
				CLANG_ANALYZER_NONNULL = YES;
				CLANG_ANALYZER_NUMBER_OBJECT_CONVERSION = YES_AGGRESSIVE;
				CLANG_CXX_LANGUAGE_STANDARD = "gnu++20";
				CLANG_ENABLE_MODULES = YES;
				CLANG_ENABLE_OBJC_ARC = YES;
				CLANG_ENABLE_OBJC_WEAK = YES;
				CLANG_WARN_BLOCK_CAPTURE_AUTORELEASING = YES;
				CLANG_WARN_BOOL_CONVERSION = YES;
				CLANG_WARN_COMMA = YES;
				CLANG_WARN_CONSTANT_CONVERSION = YES;
				CLANG_WARN_DEPRECATED_OBJC_IMPLEMENTATIONS = YES;
				CLANG_WARN_DIRECT_OBJC_ISA_USAGE = YES_ERROR;
				CLANG_WARN_DOCUMENTATION_COMMENTS = YES;
				CLANG_WARN_EMPTY_BODY = YES;
				CLANG_WARN_ENUM_CONVERSION = YES;
				CLANG_WARN_INFINITE_RECURSION = YES;
				CLANG_WARN_INT_CONVERSION = YES;
				CLANG_WARN_NON_LITERAL_NULL_CONVERSION = YES;
				CLANG_WARN_OBJC_IMPLICIT_RETAIN_SELF = YES;
				CLANG_WARN_OBJC_LITERAL_CONVERSION = YES;
				CLANG_WARN_OBJC_ROOT_CLASS = YES_ERROR;
				CLANG_WARN_QUOTED_INCLUDE_IN_FRAMEWORK_HEADER = YES;
				CLANG_WARN_RANGE_LOOP_ANALYSIS = YES;
				CLANG_WARN_STRICT_PROTOTYPES = YES;
				CLANG_WARN_SUSPICIOUS_MOVE = YES;
				CLANG_WARN_UNGUARDED_AVAILABILITY = YES_AGGRESSIVE;
				CLANG_WARN_UNREACHABLE_CODE = YES;
				CLANG_WARN__DUPLICATE_METHOD_MATCH = YES;
				COPY_PHASE_STRIP = NO;
				DEBUG_INFORMATION_FORMAT = dwarf;
				ENABLE_STRICT_OBJC_MSGSEND = YES;
				ENABLE_TESTABILITY = YES;
				GCC_C_LANGUAGE_STANDARD = gnu11;
				GCC_DYNAMIC_NO_PIC = NO;
				GCC_NO_COMMON_BLOCKS = YES;
				GCC_OPTIMIZATION_LEVEL = 0;
				GCC_PREPROCESSOR_DEFINITIONS = (
					"DEBUG=1",
					"$(inherited)",
				);
				GCC_WARN_64_TO_32_BIT_CONVERSION = YES;
				GCC_WARN_ABOUT_RETURN_TYPE = YES_ERROR;
				GCC_WARN_UNDECLARED_SELECTOR = YES;
				GCC_WARN_UNINITIALIZED_AUTOS = YES_AGGRESSIVE;
				GCC_WARN_UNUSED_FUNCTION = YES;
				GCC_WARN_UNUSED_VARIABLE = YES;
				IPHONEOS_DEPLOYMENT_TARGET = 16.2;
				MTL_ENABLE_DEBUG_INFO = INCLUDE_SOURCE;
				MTL_FAST_MATH = YES;
				ONLY_ACTIVE_ARCH = YES;
				SDKROOT = iphoneos;
				SWIFT_ACTIVE_COMPILATION_CONDITIONS = DEBUG;
				SWIFT_OPTIMIZATION_LEVEL = "-Onone";
			};
			name = Debug;
		};
		17B12DE92AF8075C00CB513A /* Release */ = {
			isa = XCBuildConfiguration;
			buildSettings = {
				ALWAYS_SEARCH_USER_PATHS = NO;
				CLANG_ANALYZER_NONNULL = YES;
				CLANG_ANALYZER_NUMBER_OBJECT_CONVERSION = YES_AGGRESSIVE;
				CLANG_CXX_LANGUAGE_STANDARD = "gnu++20";
				CLANG_ENABLE_MODULES = YES;
				CLANG_ENABLE_OBJC_ARC = YES;
				CLANG_ENABLE_OBJC_WEAK = YES;
				CLANG_WARN_BLOCK_CAPTURE_AUTORELEASING = YES;
				CLANG_WARN_BOOL_CONVERSION = YES;
				CLANG_WARN_COMMA = YES;
				CLANG_WARN_CONSTANT_CONVERSION = YES;
				CLANG_WARN_DEPRECATED_OBJC_IMPLEMENTATIONS = YES;
				CLANG_WARN_DIRECT_OBJC_ISA_USAGE = YES_ERROR;
				CLANG_WARN_DOCUMENTATION_COMMENTS = YES;
				CLANG_WARN_EMPTY_BODY = YES;
				CLANG_WARN_ENUM_CONVERSION = YES;
				CLANG_WARN_INFINITE_RECURSION = YES;
				CLANG_WARN_INT_CONVERSION = YES;
				CLANG_WARN_NON_LITERAL_NULL_CONVERSION = YES;
				CLANG_WARN_OBJC_IMPLICIT_RETAIN_SELF = YES;
				CLANG_WARN_OBJC_LITERAL_CONVERSION = YES;
				CLANG_WARN_OBJC_ROOT_CLASS = YES_ERROR;
				CLANG_WARN_QUOTED_INCLUDE_IN_FRAMEWORK_HEADER = YES;
				CLANG_WARN_RANGE_LOOP_ANALYSIS = YES;
				CLANG_WARN_STRICT_PROTOTYPES = YES;
				CLANG_WARN_SUSPICIOUS_MOVE = YES;
				CLANG_WARN_UNGUARDED_AVAILABILITY = YES_AGGRESSIVE;
				CLANG_WARN_UNREACHABLE_CODE = YES;
				CLANG_WARN__DUPLICATE_METHOD_MATCH = YES;
				COPY_PHASE_STRIP = NO;
				DEBUG_INFORMATION_FORMAT = "dwarf-with-dsym";
				ENABLE_NS_ASSERTIONS = NO;
				ENABLE_STRICT_OBJC_MSGSEND = YES;
				GCC_C_LANGUAGE_STANDARD = gnu11;
				GCC_NO_COMMON_BLOCKS = YES;
				GCC_WARN_64_TO_32_BIT_CONVERSION = YES;
				GCC_WARN_ABOUT_RETURN_TYPE = YES_ERROR;
				GCC_WARN_UNDECLARED_SELECTOR = YES;
				GCC_WARN_UNINITIALIZED_AUTOS = YES_AGGRESSIVE;
				GCC_WARN_UNUSED_FUNCTION = YES;
				GCC_WARN_UNUSED_VARIABLE = YES;
				IPHONEOS_DEPLOYMENT_TARGET = 16.2;
				MTL_ENABLE_DEBUG_INFO = NO;
				MTL_FAST_MATH = YES;
				SDKROOT = iphoneos;
				SWIFT_COMPILATION_MODE = wholemodule;
				SWIFT_OPTIMIZATION_LEVEL = "-O";
				VALIDATE_PRODUCT = YES;
			};
			name = Release;
		};
		17B12DEB2AF8075C00CB513A /* Debug */ = {
			isa = XCBuildConfiguration;
			buildSettings = {
				ASSETCATALOG_COMPILER_APPICON_NAME = AppIcon;
				ASSETCATALOG_COMPILER_GLOBAL_ACCENT_COLOR_NAME = AccentColor;
				CODE_SIGN_STYLE = Automatic;
				CURRENT_PROJECT_VERSION = 1;
				DEVELOPMENT_TEAM = DHW3U468H5;
				GENERATE_INFOPLIST_FILE = YES;
				INFOPLIST_FILE = quiz/Info.plist;
				INFOPLIST_KEY_UIApplicationSupportsIndirectInputEvents = YES;
				INFOPLIST_KEY_UILaunchStoryboardName = LaunchScreen;
				INFOPLIST_KEY_UIMainStoryboardFile = Main;
				INFOPLIST_KEY_UISupportedInterfaceOrientations_iPad = "UIInterfaceOrientationPortrait UIInterfaceOrientationPortraitUpsideDown UIInterfaceOrientationLandscapeLeft UIInterfaceOrientationLandscapeRight";
				INFOPLIST_KEY_UISupportedInterfaceOrientations_iPhone = "UIInterfaceOrientationPortrait UIInterfaceOrientationLandscapeLeft UIInterfaceOrientationLandscapeRight";
				LD_RUNPATH_SEARCH_PATHS = (
					"$(inherited)",
					"@executable_path/Frameworks",
				);
				MARKETING_VERSION = 1.0;
				PRODUCT_BUNDLE_IDENTIFIER = sariomer.quiz;
				PRODUCT_NAME = "$(TARGET_NAME)";
				SWIFT_EMIT_LOC_STRINGS = YES;
				SWIFT_VERSION = 5.0;
				TARGETED_DEVICE_FAMILY = "1,2";
			};
			name = Debug;
		};
		17B12DEC2AF8075C00CB513A /* Release */ = {
			isa = XCBuildConfiguration;
			buildSettings = {
				ASSETCATALOG_COMPILER_APPICON_NAME = AppIcon;
				ASSETCATALOG_COMPILER_GLOBAL_ACCENT_COLOR_NAME = AccentColor;
				CODE_SIGN_STYLE = Automatic;
				CURRENT_PROJECT_VERSION = 1;
				DEVELOPMENT_TEAM = DHW3U468H5;
				GENERATE_INFOPLIST_FILE = YES;
				INFOPLIST_FILE = quiz/Info.plist;
				INFOPLIST_KEY_UIApplicationSupportsIndirectInputEvents = YES;
				INFOPLIST_KEY_UILaunchStoryboardName = LaunchScreen;
				INFOPLIST_KEY_UIMainStoryboardFile = Main;
				INFOPLIST_KEY_UISupportedInterfaceOrientations_iPad = "UIInterfaceOrientationPortrait UIInterfaceOrientationPortraitUpsideDown UIInterfaceOrientationLandscapeLeft UIInterfaceOrientationLandscapeRight";
				INFOPLIST_KEY_UISupportedInterfaceOrientations_iPhone = "UIInterfaceOrientationPortrait UIInterfaceOrientationLandscapeLeft UIInterfaceOrientationLandscapeRight";
				LD_RUNPATH_SEARCH_PATHS = (
					"$(inherited)",
					"@executable_path/Frameworks",
				);
				MARKETING_VERSION = 1.0;
				PRODUCT_BUNDLE_IDENTIFIER = sariomer.quiz;
				PRODUCT_NAME = "$(TARGET_NAME)";
				SWIFT_EMIT_LOC_STRINGS = YES;
				SWIFT_VERSION = 5.0;
				TARGETED_DEVICE_FAMILY = "1,2";
			};
			name = Release;
		};
/* End XCBuildConfiguration section */

/* Begin XCConfigurationList section */
		17B12DD12AF8075A00CB513A /* Build configuration list for PBXProject "quiz" */ = {
			isa = XCConfigurationList;
			buildConfigurations = (
				17B12DE82AF8075C00CB513A /* Debug */,
				17B12DE92AF8075C00CB513A /* Release */,
			);
			defaultConfigurationIsVisible = 0;
			defaultConfigurationName = Release;
		};
		17B12DEA2AF8075C00CB513A /* Build configuration list for PBXNativeTarget "quiz" */ = {
			isa = XCConfigurationList;
			buildConfigurations = (
				17B12DEB2AF8075C00CB513A /* Debug */,
				17B12DEC2AF8075C00CB513A /* Release */,
			);
			defaultConfigurationIsVisible = 0;
			defaultConfigurationName = Release;
		};
/* End XCConfigurationList section */

/* Begin XCRemoteSwiftPackageReference section */
		17B12E0F2AFCDCAC00CB513A /* XCRemoteSwiftPackageReference "Alamofire" */ = {
			isa = XCRemoteSwiftPackageReference;
			repositoryURL = "https://github.com/Alamofire/Alamofire.git";
			requirement = {
				branch = master;
				kind = branch;
			};
		};
		17B12E162B00CC0100CB513A /* XCRemoteSwiftPackageReference "RxSwift" */ = {
			isa = XCRemoteSwiftPackageReference;
			repositoryURL = "https://github.com/ReactiveX/RxSwift.git";
			requirement = {
				branch = main;
				kind = branch;
			};
		};
/* End XCRemoteSwiftPackageReference section */

/* Begin XCSwiftPackageProductDependency section */
		17B12E102AFCDCAC00CB513A /* Alamofire */ = {
			isa = XCSwiftPackageProductDependency;
			package = 17B12E0F2AFCDCAC00CB513A /* XCRemoteSwiftPackageReference "Alamofire" */;
			productName = Alamofire;
		};
		17B12E172B00CC0100CB513A /* RxSwift */ = {
			isa = XCSwiftPackageProductDependency;
			package = 17B12E162B00CC0100CB513A /* XCRemoteSwiftPackageReference "RxSwift" */;
			productName = RxSwift;
		};
/* End XCSwiftPackageProductDependency section */
	};
	rootObject = 17B12DCE2AF8075A00CB513A /* Project object */;
}
